{
  "version": 4,
  "terraform_version": "1.6.3",
  "serial": 247,
  "lineage": "a7b7cd95-c4e7-0a78-9c8a-1e0b7658729b",
  "outputs": {},
  "resources": [
    {
      "mode": "managed",
      "type": "aws_instance",
      "name": "demo1_instance",
      "provider": "provider[\"registry.terraform.io/hashicorp/aws\"]",
      "instances": [
        {
          "schema_version": 1,
          "attributes": {
            "ami": "ami-053b0d53c279acc90",
            "arn": "arn:aws:ec2:us-east-1:372393819917:instance/i-0ce5cbe96f4b4575c",
            "associate_public_ip_address": true,
            "availability_zone": "us-east-1b",
            "capacity_reservation_specification": [
              {
                "capacity_reservation_preference": "open",
                "capacity_reservation_target": []
              }
            ],
            "cpu_core_count": 1,
            "cpu_options": [
              {
                "amd_sev_snp": "",
                "core_count": 1,
                "threads_per_core": 1
              }
            ],
            "cpu_threads_per_core": 1,
            "credit_specification": [
              {
                "cpu_credits": "standard"
              }
            ],
            "disable_api_stop": false,
            "disable_api_termination": false,
            "ebs_block_device": [],
            "ebs_optimized": false,
            "enclave_options": [
              {
                "enabled": false
              }
            ],
            "ephemeral_block_device": [],
            "get_password_data": false,
            "hibernation": false,
            "host_id": "",
            "host_resource_group_arn": null,
            "iam_instance_profile": "",
            "id": "i-0ce5cbe96f4b4575c",
            "instance_initiated_shutdown_behavior": "stop",
            "instance_lifecycle": "",
            "instance_market_options": [],
            "instance_state": "running",
            "instance_type": "t2.micro",
            "ipv6_address_count": 0,
            "ipv6_addresses": [],
            "key_name": "entry_key",
            "launch_template": [],
            "maintenance_options": [
              {
                "auto_recovery": "default"
              }
            ],
            "metadata_options": [
              {
                "http_endpoint": "enabled",
                "http_protocol_ipv6": "disabled",
                "http_put_response_hop_limit": 1,
                "http_tokens": "optional",
                "instance_metadata_tags": "disabled"
              }
            ],
            "monitoring": false,
            "network_interface": [],
            "outpost_arn": "",
            "password_data": "",
            "placement_group": "",
            "placement_partition_number": 0,
            "primary_network_interface_id": "eni-005caa78e013b9abd",
            "private_dns": "ip-172-31-87-177.ec2.internal",
            "private_dns_name_options": [
              {
                "enable_resource_name_dns_a_record": false,
                "enable_resource_name_dns_aaaa_record": false,
                "hostname_type": "ip-name"
              }
            ],
            "private_ip": "172.31.87.177",
            "public_dns": "ec2-54-209-238-217.compute-1.amazonaws.com",
            "public_ip": "54.209.238.217",
            "root_block_device": [
              {
                "delete_on_termination": true,
                "device_name": "/dev/sda1",
                "encrypted": false,
                "iops": 100,
                "kms_key_id": "",
                "tags": {},
                "throughput": 0,
                "volume_id": "vol-073f44f41bd17618a",
                "volume_size": 8,
                "volume_type": "gp2"
              }
            ],
            "secondary_private_ips": [],
            "security_groups": [
              "create_entry_sg"
            ],
            "source_dest_check": true,
            "spot_instance_request_id": "",
            "subnet_id": "subnet-06e09c0e9342a167a",
            "tags": {
              "Name": "demo1_instance"
            },
            "tags_all": {
              "Name": "demo1_instance"
            },
            "tenancy": "default",
            "timeouts": null,
            "user_data": "d75cfdf8dda667faf5dd0480458de7960c3eed57",
            "user_data_base64": null,
            "user_data_replace_on_change": false,
            "volume_tags": null,
            "vpc_security_group_ids": [
              "sg-01c14f1cd5bc9bc86"
            ]
          },
          "sensitive_attributes": [],
          "private": "eyJlMmJmYjczMC1lY2FhLTExZTYtOGY4OC0zNDM2M2JjN2M0YzAiOnsiY3JlYXRlIjo2MDAwMDAwMDAwMDAsImRlbGV0ZSI6MTIwMDAwMDAwMDAwMCwidXBkYXRlIjo2MDAwMDAwMDAwMDB9LCJzY2hlbWFfdmVyc2lvbiI6IjEifQ==",
          "dependencies": [
            "aws_key_pair.entry_key_pair",
            "aws_security_group.create_entry_sg"
          ]
        }
      ]
    },
    {
      "mode": "managed",
      "type": "aws_key_pair",
      "name": "entry_key_pair",
      "provider": "provider[\"registry.terraform.io/hashicorp/aws\"]",
      "instances": [
        {
          "schema_version": 1,
          "attributes": {
            "arn": "arn:aws:ec2:us-east-1:372393819917:key-pair/entry_key",
            "fingerprint": "46:8c:ec:5a:ac:66:dd:f2:63:a1:0c:a2:96:83:ae:ba",
            "id": "entry_key",
            "key_name": "entry_key",
            "key_name_prefix": "",
            "key_pair_id": "key-0214b6b829ec87867",
            "key_type": "rsa",
            "public_key": "ssh-rsa AAAAB3NzaC1yc2EAAAADAQABAAABgQCnVAUVMrJa7LYrK5l/3wL97/IZ0GFX29su9/YGiuPeYGYegTuICQ6Yr2BB/4YP0SKAL4FZgWMalOLhKTVInDSzFxOEtwwCWkF+CF6j88oV9+Gi8jU3Paj9nx9Ib8nbLN5Osw7OelivTpVb9VyDrJKFDHQFO+LL1ddIcBf2b95icOjl43K+ZmaNhnSQNLoyiR+znH6csPGDl9gwZ2rxrBwCYrSfhdwL/QJCHSB2SP++nRRyuhtWoeqqSy/H3AiKWs5L1PeTwWO4DPr80mukSifX1LHPv6iyBKutf1+X2oO8ZfKxq0r1ark1/P9XagcEA7SRENUnmJxcp2++xry5tKhgwO1zeaUZwhnm8l4DH2+1CBUtMevaQziXhdeMNerVQIMB8V9u5JKaIjHmU0hUL7VTIwvVFjKIXp6a1yj7/Wnf4M9pEt4mr/XbzwE6EzvkFzAOLTgf5qaaE9hl8XPqKVolaa0tsPr6aZr3NAu4GE473q34M3CRzN/GWdBBd+Dbe2U= david@david-Latitude-E7470",
            "tags": null,
            "tags_all": {}
          },
          "sensitive_attributes": [],
          "private": "eyJzY2hlbWFfdmVyc2lvbiI6IjEifQ=="
        }
      ]
    },
    {
      "mode": "managed",
      "type": "aws_security_group",
      "name": "create_entry_sg",
      "provider": "provider[\"registry.terraform.io/hashicorp/aws\"]",
      "instances": [
        {
          "schema_version": 1,
          "attributes": {
            "arn": "arn:aws:ec2:us-east-1:372393819917:security-group/sg-01c14f1cd5bc9bc86",
            "description": "This allows access to the instances",
            "egress": [
              {
                "cidr_blocks": [
                  "0.0.0.0/0"
                ],
                "description": "Outbound traffic for demo1 instance",
                "from_port": 0,
                "ipv6_cidr_blocks": [],
                "prefix_list_ids": [],
                "protocol": "-1",
                "security_groups": [],
                "self": false,
                "to_port": 0
              }
            ],
            "id": "sg-01c14f1cd5bc9bc86",
            "ingress": [
              {
                "cidr_blocks": [
                  "0.0.0.0/0"
                ],
                "description": "Allow HTTP access",
                "from_port": 80,
                "ipv6_cidr_blocks": [],
                "prefix_list_ids": [],
                "protocol": "tcp",
                "security_groups": [],
                "self": false,
                "to_port": 80
              },
              {
                "cidr_blocks": [
                  "0.0.0.0/0"
                ],
                "description": "Allow SSH access",
                "from_port": 22,
                "ipv6_cidr_blocks": [],
                "prefix_list_ids": [],
                "protocol": "tcp",
                "security_groups": [],
                "self": false,
                "to_port": 22
              }
            ],
            "name": "create_entry_sg",
            "name_prefix": "",
            "owner_id": "372393819917",
            "revoke_rules_on_delete": false,
            "tags": {
              "name": "Security group for demo1 instance"
            },
            "tags_all": {
              "name": "Security group for demo1 instance"
            },
            "timeouts": null,
            "vpc_id": "vpc-04d64f80071d1887e"
          },
          "sensitive_attributes": [],
          "private": "eyJlMmJmYjczMC1lY2FhLTExZTYtOGY4OC0zNDM2M2JjN2M0YzAiOnsiY3JlYXRlIjo2MDAwMDAwMDAwMDAsImRlbGV0ZSI6OTAwMDAwMDAwMDAwfSwic2NoZW1hX3ZlcnNpb24iOiIxIn0="
        }
      ]
    }
  ],
  "check_results": null
}
